
Microsoft Visual Studio Solution File, Format Version 12.00
# Visual Studio 2013
VisualStudioVersion = 12.0.30723.0
MinimumVisualStudioVersion = 10.0.40219.1
Project("{159641D6-6404-4A2A-AE62-294DE0FE8301}") = "Fastener_SSIS", "Fastener_SSIS\Fastener_SSIS.dtproj", "{7E5E2F0D-A1C1-4A88-BA8C-EF4FF391F2C5}"
EndProject
Global
	GlobalSection(SolutionConfigurationPlatforms) = preSolution
		Development|Default = Development|Default
	EndGlobalSection
	GlobalSection(ProjectConfigurationPlatforms) = postSolution
		{7E5E2F0D-A1C1-4A88-BA8C-EF4FF391F2C5}.Development|Default.ActiveCfg = Development
		{7E5E2F0D-A1C1-4A88-BA8C-EF4FF391F2C5}.Development|Default.Build.0 = Development
	EndGlobalSection
	GlobalSection(SolutionProperties) = preSolution
		HideSolutionNode = FALSE
	EndGlobalSection
EndGlobal
